Microsoft Visual Studio Solution File, Format Version 11.00
# Visual Studio 2008

Project("{15B7EC2A-2AEF-FDF3-33A4-BD1983D78EA3}") = "FishSim", "Assembly-CSharp-firstpass.csproj", "{7197CD4C-A93F-002F-9606-4A316D3EE4F9}"
EndProject
Project("{15B7EC2A-2AEF-FDF3-33A4-BD1983D78EA3}") = "FishSim", "Assembly-CSharp.csproj", "{42AD2915-A38D-6032-948F-0F8BE31FF3D1}"
EndProject
Project("{15B7EC2A-2AEF-FDF3-33A4-BD1983D78EA3}") = "FishSim", "Assembly-CSharp-Editor.csproj", "{BF244561-4F77-35F0-68A4-2615ACB1210A}"
EndProject
Project("{15B7EC2A-2AEF-FDF3-33A4-BD1983D78EA3}") = "FishSim", "Assembly-UnityScript-firstpass.unityproj", "{96A82531-3055-343C-CF68-C8D10D1B201D}"
EndProject
Project("{15B7EC2A-2AEF-FDF3-33A4-BD1983D78EA3}") = "FishSim", "Assembly-UnityScript.unityproj", "{4A3A416F-4753-5820-169C-38B2F81F138D}"
EndProject
Global
	GlobalSection(SolutionConfigurationPlatforms) = preSolution
		Debug|Any CPU = Debug|Any CPU
		Release|Any CPU = Release|Any CPU
	EndGlobalSection
	GlobalSection(ProjectConfigurationPlatforms) = postSolution
		{7197CD4C-A93F-002F-9606-4A316D3EE4F9}.Debug|Any CPU.ActiveCfg = Debug|Any CPU
		{7197CD4C-A93F-002F-9606-4A316D3EE4F9}.Debug|Any CPU.Build.0 = Debug|Any CPU
		{7197CD4C-A93F-002F-9606-4A316D3EE4F9}.Release|Any CPU.ActiveCfg = Release|Any CPU
		{7197CD4C-A93F-002F-9606-4A316D3EE4F9}.Release|Any CPU.Build.0 = Release|Any CPU
		{42AD2915-A38D-6032-948F-0F8BE31FF3D1}.Debug|Any CPU.ActiveCfg = Debug|Any CPU
		{42AD2915-A38D-6032-948F-0F8BE31FF3D1}.Debug|Any CPU.Build.0 = Debug|Any CPU
		{42AD2915-A38D-6032-948F-0F8BE31FF3D1}.Release|Any CPU.ActiveCfg = Release|Any CPU
		{42AD2915-A38D-6032-948F-0F8BE31FF3D1}.Release|Any CPU.Build.0 = Release|Any CPU
		{BF244561-4F77-35F0-68A4-2615ACB1210A}.Debug|Any CPU.ActiveCfg = Debug|Any CPU
		{BF244561-4F77-35F0-68A4-2615ACB1210A}.Debug|Any CPU.Build.0 = Debug|Any CPU
		{BF244561-4F77-35F0-68A4-2615ACB1210A}.Release|Any CPU.ActiveCfg = Release|Any CPU
		{BF244561-4F77-35F0-68A4-2615ACB1210A}.Release|Any CPU.Build.0 = Release|Any CPU
		{96A82531-3055-343C-CF68-C8D10D1B201D}.Debug|Any CPU.ActiveCfg = Debug|Any CPU
		{96A82531-3055-343C-CF68-C8D10D1B201D}.Debug|Any CPU.Build.0 = Debug|Any CPU
		{96A82531-3055-343C-CF68-C8D10D1B201D}.Release|Any CPU.ActiveCfg = Release|Any CPU
		{96A82531-3055-343C-CF68-C8D10D1B201D}.Release|Any CPU.Build.0 = Release|Any CPU
		{4A3A416F-4753-5820-169C-38B2F81F138D}.Debug|Any CPU.ActiveCfg = Debug|Any CPU
		{4A3A416F-4753-5820-169C-38B2F81F138D}.Debug|Any CPU.Build.0 = Debug|Any CPU
		{4A3A416F-4753-5820-169C-38B2F81F138D}.Release|Any CPU.ActiveCfg = Release|Any CPU
		{4A3A416F-4753-5820-169C-38B2F81F138D}.Release|Any CPU.Build.0 = Release|Any CPU
	EndGlobalSection
	GlobalSection(SolutionProperties) = preSolution
		HideSolutionNode = FALSE
	EndGlobalSection
																																																																														GlobalSection(MonoDevelopProperties) = preSolution
=======
																																																						GlobalSection(MonoDevelopProperties) = preSolution
=======
																																																																GlobalSection(MonoDevelopProperties) = preSolution
>>>>>>> 6dd7d69597c099a1a2ce5eec5d1e04bb6439ceca
>>>>>>> master
=======
																																																GlobalSection(MonoDevelopProperties) = preSolution
>>>>>>> 40cbc5013da82e1e449e1225e8dad9458342cb88
		StartupItem = Assembly-CSharp.csproj
		Policies = $0
		$0.TextStylePolicy = $1
		$1.inheritsSet = null
		$1.scope = text/x-csharp
		$0.CSharpFormattingPolicy = $2
		$2.inheritsSet = Mono
		$2.inheritsScope = text/x-csharp
		$2.scope = text/x-csharp
		$0.TextStylePolicy = $3
		$3.FileWidth = 120
		$3.TabWidth = 4
		$3.EolMarker = Unix
		$3.inheritsSet = Mono
		$3.inheritsScope = text/plain
		$3.scope = text/plain
	EndGlobalSection

EndGlobal
